
Microsoft Visual Studio Solution File, Format Version 12.00
# Visual Studio Version 17
VisualStudioVersion = 17.8.34316.72
MinimumVisualStudioVersion = 10.0.40219.1
Project("{FAE04EC0-301F-11D3-BF4B-00C04F79EFBC}") = "CarEnthusiasts", "CarEnthusiasts\CarEnthusiasts.csproj", "{ED63DBDA-9053-4A22-A83B-15B95E913C0F}"
EndProject
Global
	GlobalSection(SolutionConfigurationPlatforms) = preSolution
		Debug|Any CPU = Debug|Any CPU
		Release|Any CPU = Release|Any CPU
	EndGlobalSection
	GlobalSection(ProjectConfigurationPlatforms) = postSolution
		{ED63DBDA-9053-4A22-A83B-15B95E913C0F}.Debug|Any CPU.ActiveCfg = Debug|Any CPU
		{ED63DBDA-9053-4A22-A83B-15B95E913C0F}.Debug|Any CPU.Build.0 = Debug|Any CPU
		{ED63DBDA-9053-4A22-A83B-15B95E913C0F}.Release|Any CPU.ActiveCfg = Release|Any CPU
		{ED63DBDA-9053-4A22-A83B-15B95E913C0F}.Release|Any CPU.Build.0 = Release|Any CPU
	EndGlobalSection
	GlobalSection(SolutionProperties) = preSolution
		HideSolutionNode = FALSE
	EndGlobalSection
	GlobalSection(ExtensibilityGlobals) = postSolution
		SolutionGuid = {3D6A24F7-ACFD-44CE-BF51-C5D9D56EDAF3}
	EndGlobalSection
EndGlobal
